
Microsoft Visual Studio Solution File, Format Version 12.00
# Visual Studio Version 17
VisualStudioVersion = 17.0.32014.148
MinimumVisualStudioVersion = 10.0.40219.1
Project("{FAE04EC0-301F-11D3-BF4B-00C04F79EFBC}") = "proj_GCD", "proj_GCD\proj_GCD.csproj", "{18BF2A95-2D57-4817-87EF-9FB81EC6EED2}"
EndProject
Global
	GlobalSection(SolutionConfigurationPlatforms) = preSolution
		Debug|Any CPU = Debug|Any CPU
		Release|Any CPU = Release|Any CPU
	EndGlobalSection
	GlobalSection(ProjectConfigurationPlatforms) = postSolution
		{18BF2A95-2D57-4817-87EF-9FB81EC6EED2}.Debug|Any CPU.ActiveCfg = Debug|Any CPU
		{18BF2A95-2D57-4817-87EF-9FB81EC6EED2}.Debug|Any CPU.Build.0 = Debug|Any CPU
		{18BF2A95-2D57-4817-87EF-9FB81EC6EED2}.Release|Any CPU.ActiveCfg = Release|Any CPU
		{18BF2A95-2D57-4817-87EF-9FB81EC6EED2}.Release|Any CPU.Build.0 = Release|Any CPU
	EndGlobalSection
	GlobalSection(SolutionProperties) = preSolution
		HideSolutionNode = FALSE
	EndGlobalSection
	GlobalSection(ExtensibilityGlobals) = postSolution
		SolutionGuid = {5A268B28-0591-4AC2-A264-C1C1EEAA24AE}
	EndGlobalSection
EndGlobal
