
Microsoft Visual Studio Solution File, Format Version 12.00
# Visual Studio Version 17
VisualStudioVersion = 17.1.32421.90
MinimumVisualStudioVersion = 10.0.40219.1
Project("{FAE04EC0-301F-11D3-BF4B-00C04F79EFBC}") = "InstaBurger", "InstaBurger.csproj", "{BFDA7F41-D71E-4952-A9DA-29E6A35A42B6}"
EndProject
Global
	GlobalSection(SolutionConfigurationPlatforms) = preSolution
		Debug|Any CPU = Debug|Any CPU
		Release|Any CPU = Release|Any CPU
	EndGlobalSection
	GlobalSection(ProjectConfigurationPlatforms) = postSolution
		{BFDA7F41-D71E-4952-A9DA-29E6A35A42B6}.Debug|Any CPU.ActiveCfg = Debug|Any CPU
		{BFDA7F41-D71E-4952-A9DA-29E6A35A42B6}.Debug|Any CPU.Build.0 = Debug|Any CPU
		{BFDA7F41-D71E-4952-A9DA-29E6A35A42B6}.Release|Any CPU.ActiveCfg = Release|Any CPU
		{BFDA7F41-D71E-4952-A9DA-29E6A35A42B6}.Release|Any CPU.Build.0 = Release|Any CPU
	EndGlobalSection
	GlobalSection(SolutionProperties) = preSolution
		HideSolutionNode = FALSE
	EndGlobalSection
	GlobalSection(ExtensibilityGlobals) = postSolution
		SolutionGuid = {25A8188F-3E1E-4FDF-B247-38105F880F7C}
	EndGlobalSection
EndGlobal
